Microsoft Visual Studio Solution File, Format Version 12.00
# Visual Studio Version 17
VisualStudioVersion = 17.5.2.0
MinimumVisualStudioVersion = 10.0.40219.1
Project("{FAE04EC0-301F-11D3-BF4B-00C04F79EFBC}") = "U.M", "U.M.csproj", "{4209B45E-E98D-CB22-401F-0A00F630C530}"
EndProject
Global
	GlobalSection(SolutionConfigurationPlatforms) = preSolution
		Debug|Any CPU = Debug|Any CPU
		Release|Any CPU = Release|Any CPU
	EndGlobalSection
	GlobalSection(ProjectConfigurationPlatforms) = postSolution
		{4209B45E-E98D-CB22-401F-0A00F630C530}.Debug|Any CPU.ActiveCfg = Debug|Any CPU
		{4209B45E-E98D-CB22-401F-0A00F630C530}.Debug|Any CPU.Build.0 = Debug|Any CPU
		{4209B45E-E98D-CB22-401F-0A00F630C530}.Release|Any CPU.ActiveCfg = Release|Any CPU
		{4209B45E-E98D-CB22-401F-0A00F630C530}.Release|Any CPU.Build.0 = Release|Any CPU
	EndGlobalSection
	GlobalSection(SolutionProperties) = preSolution
		HideSolutionNode = FALSE
	EndGlobalSection
	GlobalSection(ExtensibilityGlobals) = postSolution
		SolutionGuid = {8EC1E363-C8F3-4FCF-8709-EA4A060DA24E}
	EndGlobalSection
EndGlobal
